// !$*UTF8*$!
{
	archiveVersion = 1;
	classes = {
	};
	objectVersion = 50;
	objects = {

/* Begin PBXBuildFile section */
		11505A152210CFE8004EA190 /* Notification+Extension.swift in Sources */ = {isa = PBXBuildFile; fileRef = 11505A142210CFE8004EA190 /* Notification+Extension.swift */; };
		116D4DE2220C807B0081725A /* CoreDataStack.swift in Sources */ = {isa = PBXBuildFile; fileRef = 116D4DE1220C807B0081725A /* CoreDataStack.swift */; };
		116D4DE5220C80BB0081725A /* PushNotifications.xcdatamodeld in Sources */ = {isa = PBXBuildFile; fileRef = 116D4DE3220C80BB0081725A /* PushNotifications.xcdatamodeld */; };
		1170C3892209D60C007DFB44 /* NotificationDelegate.swift in Sources */ = {isa = PBXBuildFile; fileRef = 1170C3882209D60C007DFB44 /* NotificationDelegate.swift */; };
		1196FD3D2206EB8700D55A28 /* AppDelegate.swift in Sources */ = {isa = PBXBuildFile; fileRef = 1196FD3C2206EB8700D55A28 /* AppDelegate.swift */; };
		1196FD3F2206EB8700D55A28 /* MainViewController.swift in Sources */ = {isa = PBXBuildFile; fileRef = 1196FD3E2206EB8700D55A28 /* MainViewController.swift */; };
		1196FD422206EB8700D55A28 /* Main.storyboard in Resources */ = {isa = PBXBuildFile; fileRef = 1196FD402206EB8700D55A28 /* Main.storyboard */; };
		1196FD442206EB8800D55A28 /* Assets.xcassets in Resources */ = {isa = PBXBuildFile; fileRef = 1196FD432206EB8800D55A28 /* Assets.xcassets */; };
		1196FD472206EB8800D55A28 /* LaunchScreen.storyboard in Resources */ = {isa = PBXBuildFile; fileRef = 1196FD452206EB8800D55A28 /* LaunchScreen.storyboard */; };
		11FACBF2220DC86A00DF276A /* AppDelegate+PushNotifications.swift in Sources */ = {isa = PBXBuildFile; fileRef = 11FACBF1220DC86A00DF276A /* AppDelegate+PushNotifications.swift */; };
		11FD6E33221C7CC800FAF025 /* NotificationService.swift in Sources */ = {isa = PBXBuildFile; fileRef = 11FD6E32221C7CC800FAF025 /* NotificationService.swift */; };
		11FD6E37221C7CC800FAF025 /* PayloadModification.appex in Embed App Extensions */ = {isa = PBXBuildFile; fileRef = 11FD6E30221C7CC800FAF025 /* PayloadModification.appex */; settings = {ATTRIBUTES = (RemoveHeadersOnCopy, ); }; };
		11FD6E3D221C88D600FAF025 /* ROT228.swift in Sources */ = {isa = PBXBuildFile; fileRef = 11FD6E3C221C88D600FAF025 /* ROT228.swift */; };
/* End PBXBuildFile section */

/* Begin PBXContainerItemProxy section */
		11FD6E35221C7CC800FAF025 /* PBXContainerItemProxy */ = {
			isa = PBXContainerItemProxy;
			containerPortal = 1196FD312206EB8700D55A28 /* Project object */;
			proxyType = 1;
			remoteGlobalIDString = 11FD6E2F221C7CC800FAF025;
			remoteInfo = PayloadModification;
		};
/* End PBXContainerItemProxy section */

/* Begin PBXCopyFilesBuildPhase section */
		11FD6E3B221C7CC800FAF025 /* Embed App Extensions */ = {
			isa = PBXCopyFilesBuildPhase;
			buildActionMask = 2147483647;
			dstPath = "";
			dstSubfolderSpec = 13;
			files = (
				11FD6E37221C7CC800FAF025 /* PayloadModification.appex in Embed App Extensions */,
			);
			name = "Embed App Extensions";
			runOnlyForDeploymentPostprocessing = 0;
		};
/* End PBXCopyFilesBuildPhase section */

/* Begin PBXFileReference section */
		11505A142210CFE8004EA190 /* Notification+Extension.swift */ = {isa = PBXFileReference; lastKnownFileType = sourcecode.swift; path = "Notification+Extension.swift"; sourceTree = "<group>"; };
		116D4DE1220C807B0081725A /* CoreDataStack.swift */ = {isa = PBXFileReference; lastKnownFileType = sourcecode.swift; path = CoreDataStack.swift; sourceTree = "<group>"; };
		116D4DE4220C80BB0081725A /* PushNotifications.xcdatamodel */ = {isa = PBXFileReference; lastKnownFileType = wrapper.xcdatamodel; path = PushNotifications.xcdatamodel; sourceTree = "<group>"; };
		1170C3882209D60C007DFB44 /* NotificationDelegate.swift */ = {isa = PBXFileReference; lastKnownFileType = sourcecode.swift; path = NotificationDelegate.swift; sourceTree = "<group>"; };
		1196FD392206EB8700D55A28 /* PushApp.app */ = {isa = PBXFileReference; explicitFileType = wrapper.application; includeInIndex = 0; path = PushApp.app; sourceTree = BUILT_PRODUCTS_DIR; };
		1196FD3C2206EB8700D55A28 /* AppDelegate.swift */ = {isa = PBXFileReference; lastKnownFileType = sourcecode.swift; path = AppDelegate.swift; sourceTree = "<group>"; };
		1196FD3E2206EB8700D55A28 /* MainViewController.swift */ = {isa = PBXFileReference; lastKnownFileType = sourcecode.swift; path = MainViewController.swift; sourceTree = "<group>"; };
		1196FD412206EB8700D55A28 /* Base */ = {isa = PBXFileReference; lastKnownFileType = file.storyboard; name = Base; path = Base.lproj/Main.storyboard; sourceTree = "<group>"; };
		1196FD432206EB8800D55A28 /* Assets.xcassets */ = {isa = PBXFileReference; lastKnownFileType = folder.assetcatalog; path = Assets.xcassets; sourceTree = "<group>"; };
		1196FD462206EB8800D55A28 /* Base */ = {isa = PBXFileReference; lastKnownFileType = file.storyboard; name = Base; path = Base.lproj/LaunchScreen.storyboard; sourceTree = "<group>"; };
		1196FD482206EB8800D55A28 /* Info.plist */ = {isa = PBXFileReference; lastKnownFileType = text.plist.xml; path = Info.plist; sourceTree = "<group>"; };
		1196FD522206F29D00D55A28 /* PushApp.entitlements */ = {isa = PBXFileReference; lastKnownFileType = text.plist.entitlements; path = PushApp.entitlements; sourceTree = "<group>"; };
		11FACBF1220DC86A00DF276A /* AppDelegate+PushNotifications.swift */ = {isa = PBXFileReference; lastKnownFileType = sourcecode.swift; path = "AppDelegate+PushNotifications.swift"; sourceTree = "<group>"; };
		11FD6E30221C7CC800FAF025 /* PayloadModification.appex */ = {isa = PBXFileReference; explicitFileType = "wrapper.app-extension"; includeInIndex = 0; path = PayloadModification.appex; sourceTree = BUILT_PRODUCTS_DIR; };
		11FD6E32221C7CC800FAF025 /* NotificationService.swift */ = {isa = PBXFileReference; lastKnownFileType = sourcecode.swift; path = NotificationService.swift; sourceTree = "<group>"; };
		11FD6E34221C7CC800FAF025 /* Info.plist */ = {isa = PBXFileReference; lastKnownFileType = text.plist.xml; path = Info.plist; sourceTree = "<group>"; };
		11FD6E3C221C88D600FAF025 /* ROT228.swift */ = {isa = PBXFileReference; lastKnownFileType = sourcecode.swift; path = ROT228.swift; sourceTree = "<group>"; };
		11FD6E3E221C92ED00FAF025 /* PayloadModification.entitlements */ = {isa = PBXFileReference; lastKnownFileType = text.plist.entitlements; path = PayloadModification.entitlements; sourceTree = "<group>"; };
/* End PBXFileReference section */

/* Begin PBXFrameworksBuildPhase section */
		1196FD362206EB8700D55A28 /* Frameworks */ = {
			isa = PBXFrameworksBuildPhase;
			buildActionMask = 2147483647;
			files = (
			);
			runOnlyForDeploymentPostprocessing = 0;
		};
		11FD6E2D221C7CC800FAF025 /* Frameworks */ = {
			isa = PBXFrameworksBuildPhase;
			buildActionMask = 2147483647;
			files = (
			);
			runOnlyForDeploymentPostprocessing = 0;
		};
/* End PBXFrameworksBuildPhase section */

/* Begin PBXGroup section */
		1196FD302206EB8700D55A28 = {
			isa = PBXGroup;
			children = (
				1196FD3B2206EB8700D55A28 /* PushApp */,
				11FD6E31221C7CC800FAF025 /* PayloadModification */,
				1196FD3A2206EB8700D55A28 /* Products */,
			);
			sourceTree = "<group>";
		};
		1196FD3A2206EB8700D55A28 /* Products */ = {
			isa = PBXGroup;
			children = (
				1196FD392206EB8700D55A28 /* PushApp.app */,
				11FD6E30221C7CC800FAF025 /* PayloadModification.appex */,
			);
			name = Products;
			sourceTree = "<group>";
		};
		1196FD3B2206EB8700D55A28 /* PushApp */ = {
			isa = PBXGroup;
			children = (
				11FACBEF220DC83600DF276A /* Services */,
				1196FD522206F29D00D55A28 /* PushApp.entitlements */,
				1196FD502206F1C200D55A28 /* Modules */,
				1196FD4E2206F1A600D55A28 /* SupportingFiles */,
				1196FD4F2206F1B300D55A28 /* Resources */,
			);
			path = PushApp;
			sourceTree = "<group>";
		};
		1196FD4E2206F1A600D55A28 /* SupportingFiles */ = {
			isa = PBXGroup;
			children = (
				1196FD3C2206EB8700D55A28 /* AppDelegate.swift */,
				1196FD482206EB8800D55A28 /* Info.plist */,
				116D4DE1220C807B0081725A /* CoreDataStack.swift */,
			);
			path = SupportingFiles;
			sourceTree = "<group>";
		};
		1196FD4F2206F1B300D55A28 /* Resources */ = {
			isa = PBXGroup;
			children = (
				1196FD452206EB8800D55A28 /* LaunchScreen.storyboard */,
				1196FD432206EB8800D55A28 /* Assets.xcassets */,
				116D4DE3220C80BB0081725A /* PushNotifications.xcdatamodeld */,
			);
			path = Resources;
			sourceTree = "<group>";
		};
		1196FD502206F1C200D55A28 /* Modules */ = {
			isa = PBXGroup;
			children = (
				1196FD512206F1C800D55A28 /* Main */,
			);
			path = Modules;
			sourceTree = "<group>";
		};
		1196FD512206F1C800D55A28 /* Main */ = {
			isa = PBXGroup;
			children = (
				1196FD402206EB8700D55A28 /* Main.storyboard */,
				1196FD3E2206EB8700D55A28 /* MainViewController.swift */,
			);
			path = Main;
			sourceTree = "<group>";
		};
		11FACBEF220DC83600DF276A /* Services */ = {
			isa = PBXGroup;
			children = (
				11FACBF0220DC84100DF276A /* Notifications */,
			);
			path = Services;
			sourceTree = "<group>";
		};
		11FACBF0220DC84100DF276A /* Notifications */ = {
			isa = PBXGroup;
			children = (
				1170C3882209D60C007DFB44 /* NotificationDelegate.swift */,
				11FACBF1220DC86A00DF276A /* AppDelegate+PushNotifications.swift */,
				11505A142210CFE8004EA190 /* Notification+Extension.swift */,
			);
			path = Notifications;
			sourceTree = "<group>";
		};
		11FD6E31221C7CC800FAF025 /* PayloadModification */ = {
			isa = PBXGroup;
			children = (
				11FD6E3E221C92ED00FAF025 /* PayloadModification.entitlements */,
				11FD6E32221C7CC800FAF025 /* NotificationService.swift */,
				11FD6E34221C7CC800FAF025 /* Info.plist */,
				11FD6E3C221C88D600FAF025 /* ROT228.swift */,
			);
			path = PayloadModification;
			sourceTree = "<group>";
		};
/* End PBXGroup section */

/* Begin PBXNativeTarget section */
		1196FD382206EB8700D55A28 /* PushApp */ = {
			isa = PBXNativeTarget;
			buildConfigurationList = 1196FD4B2206EB8800D55A28 /* Build configuration list for PBXNativeTarget "PushApp" */;
			buildPhases = (
				1196FD352206EB8700D55A28 /* Sources */,
				1196FD362206EB8700D55A28 /* Frameworks */,
				1196FD372206EB8700D55A28 /* Resources */,
				11FD6E3B221C7CC800FAF025 /* Embed App Extensions */,
			);
			buildRules = (
			);
			dependencies = (
				11FD6E36221C7CC800FAF025 /* PBXTargetDependency */,
			);
			name = PushApp;
			productName = PushApp;
			productReference = 1196FD392206EB8700D55A28 /* PushApp.app */;
			productType = "com.apple.product-type.application";
		};
		11FD6E2F221C7CC800FAF025 /* PayloadModification */ = {
			isa = PBXNativeTarget;
			buildConfigurationList = 11FD6E3A221C7CC800FAF025 /* Build configuration list for PBXNativeTarget "PayloadModification" */;
			buildPhases = (
				11FD6E2C221C7CC800FAF025 /* Sources */,
				11FD6E2D221C7CC800FAF025 /* Frameworks */,
				11FD6E2E221C7CC800FAF025 /* Resources */,
			);
			buildRules = (
			);
			dependencies = (
			);
			name = PayloadModification;
			productName = PayloadModification;
			productReference = 11FD6E30221C7CC800FAF025 /* PayloadModification.appex */;
			productType = "com.apple.product-type.app-extension";
		};
/* End PBXNativeTarget section */

/* Begin PBXProject section */
		1196FD312206EB8700D55A28 /* Project object */ = {
			isa = PBXProject;
			attributes = {
				LastSwiftUpdateCheck = 1010;
				LastUpgradeCheck = 1010;
				ORGANIZATIONNAME = Alexander;
				TargetAttributes = {
					1196FD382206EB8700D55A28 = {
						CreatedOnToolsVersion = 10.1;
						SystemCapabilities = {
							com.apple.ApplicationGroups.iOS = {
								enabled = 0;
							};
							com.apple.BackgroundModes = {
								enabled = 1;
							};
							com.apple.Push = {
								enabled = 1;
							};
						};
					};
					11FD6E2F221C7CC800FAF025 = {
						CreatedOnToolsVersion = 10.1;
						SystemCapabilities = {
							com.apple.ApplicationGroups.iOS = {
								enabled = 0;
							};
							com.apple.Push = {
								enabled = 1;
							};
						};
					};
				};
			};
			buildConfigurationList = 1196FD342206EB8700D55A28 /* Build configuration list for PBXProject "PushApp" */;
			compatibilityVersion = "Xcode 9.3";
			developmentRegion = en;
			hasScannedForEncodings = 0;
			knownRegions = (
				en,
				Base,
			);
			mainGroup = 1196FD302206EB8700D55A28;
			productRefGroup = 1196FD3A2206EB8700D55A28 /* Products */;
			projectDirPath = "";
			projectRoot = "";
			targets = (
				1196FD382206EB8700D55A28 /* PushApp */,
				11FD6E2F221C7CC800FAF025 /* PayloadModification */,
			);
		};
/* End PBXProject section */

/* Begin PBXResourcesBuildPhase section */
		1196FD372206EB8700D55A28 /* Resources */ = {
			isa = PBXResourcesBuildPhase;
			buildActionMask = 2147483647;
			files = (
				1196FD472206EB8800D55A28 /* LaunchScreen.storyboard in Resources */,
				1196FD442206EB8800D55A28 /* Assets.xcassets in Resources */,
				1196FD422206EB8700D55A28 /* Main.storyboard in Resources */,
			);
			runOnlyForDeploymentPostprocessing = 0;
		};
		11FD6E2E221C7CC800FAF025 /* Resources */ = {
			isa = PBXResourcesBuildPhase;
			buildActionMask = 2147483647;
			files = (
			);
			runOnlyForDeploymentPostprocessing = 0;
		};
/* End PBXResourcesBuildPhase section */

/* Begin PBXSourcesBuildPhase section */
		1196FD352206EB8700D55A28 /* Sources */ = {
			isa = PBXSourcesBuildPhase;
			buildActionMask = 2147483647;
			files = (
				1196FD3F2206EB8700D55A28 /* MainViewController.swift in Sources */,
				1170C3892209D60C007DFB44 /* NotificationDelegate.swift in Sources */,
				11FACBF2220DC86A00DF276A /* AppDelegate+PushNotifications.swift in Sources */,
				1196FD3D2206EB8700D55A28 /* AppDelegate.swift in Sources */,
				11505A152210CFE8004EA190 /* Notification+Extension.swift in Sources */,
				116D4DE2220C807B0081725A /* CoreDataStack.swift in Sources */,
				116D4DE5220C80BB0081725A /* PushNotifications.xcdatamodeld in Sources */,
			);
			runOnlyForDeploymentPostprocessing = 0;
		};
		11FD6E2C221C7CC800FAF025 /* Sources */ = {
			isa = PBXSourcesBuildPhase;
			buildActionMask = 2147483647;
			files = (
				11FD6E33221C7CC800FAF025 /* NotificationService.swift in Sources */,
				11FD6E3D221C88D600FAF025 /* ROT228.swift in Sources */,
			);
			runOnlyForDeploymentPostprocessing = 0;
		};
/* End PBXSourcesBuildPhase section */

/* Begin PBXTargetDependency section */
		11FD6E36221C7CC800FAF025 /* PBXTargetDependency */ = {
			isa = PBXTargetDependency;
			target = 11FD6E2F221C7CC800FAF025 /* PayloadModification */;
			targetProxy = 11FD6E35221C7CC800FAF025 /* PBXContainerItemProxy */;
		};
/* End PBXTargetDependency section */

/* Begin PBXVariantGroup section */
		1196FD402206EB8700D55A28 /* Main.storyboard */ = {
			isa = PBXVariantGroup;
			children = (
				1196FD412206EB8700D55A28 /* Base */,
			);
			name = Main.storyboard;
			sourceTree = "<group>";
		};
		1196FD452206EB8800D55A28 /* LaunchScreen.storyboard */ = {
			isa = PBXVariantGroup;
			children = (
				1196FD462206EB8800D55A28 /* Base */,
			);
			name = LaunchScreen.storyboard;
			sourceTree = "<group>";
		};
/* End PBXVariantGroup section */

/* Begin XCBuildConfiguration section */
		1196FD492206EB8800D55A28 /* Debug */ = {
			isa = XCBuildConfiguration;
			buildSettings = {
				ALWAYS_SEARCH_USER_PATHS = NO;
				CLANG_ANALYZER_NONNULL = YES;
				CLANG_ANALYZER_NUMBER_OBJECT_CONVERSION = YES_AGGRESSIVE;
				CLANG_CXX_LANGUAGE_STANDARD = "gnu++14";
				CLANG_CXX_LIBRARY = "libc++";
				CLANG_ENABLE_MODULES = YES;
				CLANG_ENABLE_OBJC_ARC = YES;
				CLANG_ENABLE_OBJC_WEAK = YES;
				CLANG_WARN_BLOCK_CAPTURE_AUTORELEASING = YES;
				CLANG_WARN_BOOL_CONVERSION = YES;
				CLANG_WARN_COMMA = YES;
				CLANG_WARN_CONSTANT_CONVERSION = YES;
				CLANG_WARN_DEPRECATED_OBJC_IMPLEMENTATIONS = YES;
				CLANG_WARN_DIRECT_OBJC_ISA_USAGE = YES_ERROR;
				CLANG_WARN_DOCUMENTATION_COMMENTS = YES;
				CLANG_WARN_EMPTY_BODY = YES;
				CLANG_WARN_ENUM_CONVERSION = YES;
				CLANG_WARN_INFINITE_RECURSION = YES;
				CLANG_WARN_INT_CONVERSION = YES;
				CLANG_WARN_NON_LITERAL_NULL_CONVERSION = YES;
				CLANG_WARN_OBJC_IMPLICIT_RETAIN_SELF = YES;
				CLANG_WARN_OBJC_LITERAL_CONVERSION = YES;
				CLANG_WARN_OBJC_ROOT_CLASS = YES_ERROR;
				CLANG_WARN_RANGE_LOOP_ANALYSIS = YES;
				CLANG_WARN_STRICT_PROTOTYPES = YES;
				CLANG_WARN_SUSPICIOUS_MOVE = YES;
				CLANG_WARN_UNGUARDED_AVAILABILITY = YES_AGGRESSIVE;
				CLANG_WARN_UNREACHABLE_CODE = YES;
				CLANG_WARN__DUPLICATE_METHOD_MATCH = YES;
				CODE_SIGN_IDENTITY = "iPhone Developer";
				COPY_PHASE_STRIP = NO;
				DEBUG_INFORMATION_FORMAT = dwarf;
				ENABLE_STRICT_OBJC_MSGSEND = YES;
				ENABLE_TESTABILITY = YES;
				GCC_C_LANGUAGE_STANDARD = gnu11;
				GCC_DYNAMIC_NO_PIC = NO;
				GCC_NO_COMMON_BLOCKS = YES;
				GCC_OPTIMIZATION_LEVEL = 0;
				GCC_PREPROCESSOR_DEFINITIONS = (
					"DEBUG=1",
					"$(inherited)",
				);
				GCC_WARN_64_TO_32_BIT_CONVERSION = YES;
				GCC_WARN_ABOUT_RETURN_TYPE = YES_ERROR;
				GCC_WARN_UNDECLARED_SELECTOR = YES;
				GCC_WARN_UNINITIALIZED_AUTOS = YES_AGGRESSIVE;
				GCC_WARN_UNUSED_FUNCTION = YES;
				GCC_WARN_UNUSED_VARIABLE = YES;
				IPHONEOS_DEPLOYMENT_TARGET = 12.1;
				MTL_ENABLE_DEBUG_INFO = INCLUDE_SOURCE;
				MTL_FAST_MATH = YES;
				ONLY_ACTIVE_ARCH = YES;
				SDKROOT = iphoneos;
				SWIFT_ACTIVE_COMPILATION_CONDITIONS = DEBUG;
				SWIFT_OPTIMIZATION_LEVEL = "-Onone";
			};
			name = Debug;
		};
		1196FD4A2206EB8800D55A28 /* Release */ = {
			isa = XCBuildConfiguration;
			buildSettings = {
				ALWAYS_SEARCH_USER_PATHS = NO;
				CLANG_ANALYZER_NONNULL = YES;
				CLANG_ANALYZER_NUMBER_OBJECT_CONVERSION = YES_AGGRESSIVE;
				CLANG_CXX_LANGUAGE_STANDARD = "gnu++14";
				CLANG_CXX_LIBRARY = "libc++";
				CLANG_ENABLE_MODULES = YES;
				CLANG_ENABLE_OBJC_ARC = YES;
				CLANG_ENABLE_OBJC_WEAK = YES;
				CLANG_WARN_BLOCK_CAPTURE_AUTORELEASING = YES;
				CLANG_WARN_BOOL_CONVERSION = YES;
				CLANG_WARN_COMMA = YES;
				CLANG_WARN_CONSTANT_CONVERSION = YES;
				CLANG_WARN_DEPRECATED_OBJC_IMPLEMENTATIONS = YES;
				CLANG_WARN_DIRECT_OBJC_ISA_USAGE = YES_ERROR;
				CLANG_WARN_DOCUMENTATION_COMMENTS = YES;
				CLANG_WARN_EMPTY_BODY = YES;
				CLANG_WARN_ENUM_CONVERSION = YES;
				CLANG_WARN_INFINITE_RECURSION = YES;
				CLANG_WARN_INT_CONVERSION = YES;
				CLANG_WARN_NON_LITERAL_NULL_CONVERSION = YES;
				CLANG_WARN_OBJC_IMPLICIT_RETAIN_SELF = YES;
				CLANG_WARN_OBJC_LITERAL_CONVERSION = YES;
				CLANG_WARN_OBJC_ROOT_CLASS = YES_ERROR;
				CLANG_WARN_RANGE_LOOP_ANALYSIS = YES;
				CLANG_WARN_STRICT_PROTOTYPES = YES;
				CLANG_WARN_SUSPICIOUS_MOVE = YES;
				CLANG_WARN_UNGUARDED_AVAILABILITY = YES_AGGRESSIVE;
				CLANG_WARN_UNREACHABLE_CODE = YES;
				CLANG_WARN__DUPLICATE_METHOD_MATCH = YES;
				CODE_SIGN_IDENTITY = "iPhone Developer";
				COPY_PHASE_STRIP = NO;
				DEBUG_INFORMATION_FORMAT = "dwarf-with-dsym";
				ENABLE_NS_ASSERTIONS = NO;
				ENABLE_STRICT_OBJC_MSGSEND = YES;
				GCC_C_LANGUAGE_STANDARD = gnu11;
				GCC_NO_COMMON_BLOCKS = YES;
				GCC_WARN_64_TO_32_BIT_CONVERSION = YES;
				GCC_WARN_ABOUT_RETURN_TYPE = YES_ERROR;
				GCC_WARN_UNDECLARED_SELECTOR = YES;
				GCC_WARN_UNINITIALIZED_AUTOS = YES_AGGRESSIVE;
				GCC_WARN_UNUSED_FUNCTION = YES;
				GCC_WARN_UNUSED_VARIABLE = YES;
				IPHONEOS_DEPLOYMENT_TARGET = 12.1;
				MTL_ENABLE_DEBUG_INFO = NO;
				MTL_FAST_MATH = YES;
				SDKROOT = iphoneos;
				SWIFT_COMPILATION_MODE = wholemodule;
				SWIFT_OPTIMIZATION_LEVEL = "-O";
				VALIDATE_PRODUCT = YES;
			};
			name = Release;
		};
		1196FD4C2206EB8800D55A28 /* Debug */ = {
			isa = XCBuildConfiguration;
			buildSettings = {
				ALWAYS_EMBED_SWIFT_STANDARD_LIBRARIES = YES;
				ASSETCATALOG_COMPILER_APPICON_NAME = AppIcon;
				CODE_SIGN_ENTITLEMENTS = PushApp/PushApp.entitlements;
				CODE_SIGN_STYLE = Automatic;
				DEVELOPMENT_TEAM = X78834UV7A;
				INFOPLIST_FILE = "$(SRCROOT)/PushApp/SupportingFiles/Info.plist";
				LD_RUNPATH_SEARCH_PATHS = (
					"$(inherited)",
					"@executable_path/Frameworks",
				);
				PRODUCT_BUNDLE_IDENTIFIER = IBAction.PushApp;
				PRODUCT_NAME = "$(TARGET_NAME)";
				SWIFT_VERSION = 4.2;
				TARGETED_DEVICE_FAMILY = 1;
			};
			name = Debug;
		};
		1196FD4D2206EB8800D55A28 /* Release */ = {
			isa = XCBuildConfiguration;
			buildSettings = {
				ALWAYS_EMBED_SWIFT_STANDARD_LIBRARIES = YES;
				ASSETCATALOG_COMPILER_APPICON_NAME = AppIcon;
				CODE_SIGN_ENTITLEMENTS = PushApp/PushApp.entitlements;
				CODE_SIGN_STYLE = Automatic;
				DEVELOPMENT_TEAM = X78834UV7A;
				INFOPLIST_FILE = "$(SRCROOT)/PushApp/SupportingFiles/Info.plist";
				LD_RUNPATH_SEARCH_PATHS = (
					"$(inherited)",
					"@executable_path/Frameworks",
				);
				PRODUCT_BUNDLE_IDENTIFIER = IBAction.PushApp;
				PRODUCT_NAME = "$(TARGET_NAME)";
				SWIFT_VERSION = 4.2;
				TARGETED_DEVICE_FAMILY = 1;
			};
			name = Release;
		};
		11FD6E38221C7CC800FAF025 /* Debug */ = {
			isa = XCBuildConfiguration;
			buildSettings = {
				CODE_SIGN_ENTITLEMENTS = PayloadModification/PayloadModification.entitlements;
				CODE_SIGN_STYLE = Automatic;
				DEVELOPMENT_TEAM = X78834UV7A;
				INFOPLIST_FILE = PayloadModification/Info.plist;
				LD_RUNPATH_SEARCH_PATHS = (
					"$(inherited)",
					"@executable_path/Frameworks",
					"@executable_path/../../Frameworks",
				);
				PRODUCT_BUNDLE_IDENTIFIER = IBAction.PushApp.PayloadModification;
				PRODUCT_NAME = "$(TARGET_NAME)";
				SKIP_INSTALL = YES;
				SWIFT_VERSION = 4.2;
				TARGETED_DEVICE_FAMILY = "1,2";
			};
			name = Debug;
		};
		11FD6E39221C7CC800FAF025 /* Release */ = {
			isa = XCBuildConfiguration;
			buildSettings = {
				CODE_SIGN_ENTITLEMENTS = PayloadModification/PayloadModification.entitlements;
				CODE_SIGN_STYLE = Automatic;
				DEVELOPMENT_TEAM = X78834UV7A;
				INFOPLIST_FILE = PayloadModification/Info.plist;
				LD_RUNPATH_SEARCH_PATHS = (
					"$(inherited)",
					"@executable_path/Frameworks",
					"@executable_path/../../Frameworks",
				);
				PRODUCT_BUNDLE_IDENTIFIER = IBAction.PushApp.PayloadModification;
				PRODUCT_NAME = "$(TARGET_NAME)";
				SKIP_INSTALL = YES;
				SWIFT_VERSION = 4.2;
				TARGETED_DEVICE_FAMILY = "1,2";
			};
			name = Release;
		};
/* End XCBuildConfiguration section */

/* Begin XCConfigurationList section */
		1196FD342206EB8700D55A28 /* Build configuration list for PBXProject "PushApp" */ = {
			isa = XCConfigurationList;
			buildConfigurations = (
				1196FD492206EB8800D55A28 /* Debug */,
				1196FD4A2206EB8800D55A28 /* Release */,
			);
			defaultConfigurationIsVisible = 0;
			defaultConfigurationName = Release;
		};
		1196FD4B2206EB8800D55A28 /* Build configuration list for PBXNativeTarget "PushApp" */ = {
			isa = XCConfigurationList;
			buildConfigurations = (
				1196FD4C2206EB8800D55A28 /* Debug */,
				1196FD4D2206EB8800D55A28 /* Release */,
			);
			defaultConfigurationIsVisible = 0;
			defaultConfigurationName = Release;
		};
		11FD6E3A221C7CC800FAF025 /* Build configuration list for PBXNativeTarget "PayloadModification" */ = {
			isa = XCConfigurationList;
			buildConfigurations = (
				11FD6E38221C7CC800FAF025 /* Debug */,
				11FD6E39221C7CC800FAF025 /* Release */,
			);
			defaultConfigurationIsVisible = 0;
			defaultConfigurationName = Release;
		};
/* End XCConfigurationList section */

/* Begin XCVersionGroup section */
		116D4DE3220C80BB0081725A /* PushNotifications.xcdatamodeld */ = {
			isa = XCVersionGroup;
			children = (
				116D4DE4220C80BB0081725A /* PushNotifications.xcdatamodel */,
			);
			currentVersion = 116D4DE4220C80BB0081725A /* PushNotifications.xcdatamodel */;
			path = PushNotifications.xcdatamodeld;
			sourceTree = "<group>";
			versionGroupType = wrapper.xcdatamodel;
		};
/* End XCVersionGroup section */
	};
	rootObject = 1196FD312206EB8700D55A28 /* Project object */;
}
